# This file is autogenerated, do not edit; changes may be undone by the next 'dep ensure'.


[[projects]]
  branch = "master"
  name = "github.com/alecthomas/template"
  packages = [
    ".",
    "parse"
  ]
  revision = "a0175ee3bccc567396460bf5acd36800cb10c49c"

[[projects]]
  branch = "master"
  name = "github.com/alecthomas/units"
  packages = ["."]
  revision = "2efee857e7cfd4f3d0138cc3cbb1b4966962b93a"

[[projects]]
  name = "github.com/davecgh/go-spew"
  packages = ["spew"]
  revision = "346938d642f2ec3594ed81d874461961cd0faa76"
  version = "v1.1.0"

[[projects]]
  branch = "develop"
  name = "github.com/jinleileiking/joy4"
  packages = [
    "av",
    "av/avutil",
    "codec/h264parser",
    "format",
    "format/ts"
  ]
  revision = "2dfcc0e9703f3ff50c6091dd2ef25ad269115f18"

[[projects]]
  name = "github.com/mattn/go-runewidth"
  packages = ["."]
  revision = "9e777a8366cce605130a531d2cd6363d07ad7317"
  version = "v0.0.2"

[[projects]]
  branch = "master"
  name = "github.com/nareix/bits"
  packages = [
    ".",
    "pio"
  ]
  revision = "1f3e16538b2591eae3c20c7863a5123dad67e6f4"

[[projects]]
  branch = "master"
  name = "github.com/nareix/joy4"
  packages = [
    "av",
    "av/avutil",
    "codec",
    "codec/aacparser",
    "codec/fake",
    "codec/h264parser",
    "format/aac",
    "format/flv",
    "format/flv/flvio",
    "format/mp4",
    "format/mp4/mp4io",
    "format/rtmp",
    "format/rtsp",
    "format/rtsp/sdp",
    "format/ts",
    "format/ts/tsio",
    "utils/bits",
    "utils/bits/pio"
  ]
  revision = "bd41a3b90ff2205431b4a74e4d45d6f63e987519"

[[projects]]
  branch = "master"
  name = "github.com/olekukonko/tablewriter"
  packages = ["."]
  revision = "96aac992fc8b1a4c83841a6c3e7178d20d989625"

[[projects]]
  name = "gopkg.in/alecthomas/kingpin.v2"
  packages = ["."]
  revision = "947dcec5ba9c011838740e680966fd7087a71d0d"
  version = "v2.2.6"

[solve-meta]
  analyzer-name = "dep"
  analyzer-version = 1
  inputs-digest = "4e22f4ea7f0e7651f9de6feba6fa9b43912e75d9afa26f81cbea91d5bddb934c"
  solver-name = "gps-cdcl"
  solver-version = 1
